
Microsoft Visual Studio Solution File, Format Version 12.00
# Visual Studio Version 17
VisualStudioVersion = 17.1.32421.90
MinimumVisualStudioVersion = 10.0.40219.1
Project("{8BC9CEB8-8B4A-11D0-8D11-00A0C91BC942}") = "SOLID", "SOLID.vcxproj", "{BEA1B566-4028-4D4A-BB73-5B5750B6CF01}"
EndProject
Global
	GlobalSection(SolutionConfigurationPlatforms) = preSolution
		Debug|x64 = Debug|x64
		Debug|x86 = Debug|x86
		Release|x64 = Release|x64
		Release|x86 = Release|x86
	EndGlobalSection
	GlobalSection(ProjectConfigurationPlatforms) = postSolution
		{BEA1B566-4028-4D4A-BB73-5B5750B6CF01}.Debug|x64.ActiveCfg = Debug|x64
		{BEA1B566-4028-4D4A-BB73-5B5750B6CF01}.Debug|x64.Build.0 = Debug|x64
		{BEA1B566-4028-4D4A-BB73-5B5750B6CF01}.Debug|x86.ActiveCfg = Debug|Win32
		{BEA1B566-4028-4D4A-BB73-5B5750B6CF01}.Debug|x86.Build.0 = Debug|Win32
		{BEA1B566-4028-4D4A-BB73-5B5750B6CF01}.Release|x64.ActiveCfg = Release|x64
		{BEA1B566-4028-4D4A-BB73-5B5750B6CF01}.Release|x64.Build.0 = Release|x64
		{BEA1B566-4028-4D4A-BB73-5B5750B6CF01}.Release|x86.ActiveCfg = Release|Win32
		{BEA1B566-4028-4D4A-BB73-5B5750B6CF01}.Release|x86.Build.0 = Release|Win32
	EndGlobalSection
	GlobalSection(SolutionProperties) = preSolution
		HideSolutionNode = FALSE
	EndGlobalSection
	GlobalSection(ExtensibilityGlobals) = postSolution
		SolutionGuid = {609D70E9-6366-44A9-9BA9-C3D3FF9AAB80}
	EndGlobalSection
EndGlobal
