
Microsoft Visual Studio Solution File, Format Version 12.00
# Visual Studio Version 16
VisualStudioVersion = 16.0.31729.503
MinimumVisualStudioVersion = 10.0.40219.1
Project("{8BC9CEB8-8B4A-11D0-8D11-00A0C91BC942}") = "Mediator", "Mediator.vcxproj", "{31C6F503-B763-4640-9D51-1D377A8580EB}"
EndProject
Global
	GlobalSection(SolutionConfigurationPlatforms) = preSolution
		Debug|x64 = Debug|x64
		Debug|x86 = Debug|x86
		Release|x64 = Release|x64
		Release|x86 = Release|x86
	EndGlobalSection
	GlobalSection(ProjectConfigurationPlatforms) = postSolution
		{31C6F503-B763-4640-9D51-1D377A8580EB}.Debug|x64.ActiveCfg = Debug|x64
		{31C6F503-B763-4640-9D51-1D377A8580EB}.Debug|x64.Build.0 = Debug|x64
		{31C6F503-B763-4640-9D51-1D377A8580EB}.Debug|x86.ActiveCfg = Debug|Win32
		{31C6F503-B763-4640-9D51-1D377A8580EB}.Debug|x86.Build.0 = Debug|Win32
		{31C6F503-B763-4640-9D51-1D377A8580EB}.Release|x64.ActiveCfg = Release|x64
		{31C6F503-B763-4640-9D51-1D377A8580EB}.Release|x64.Build.0 = Release|x64
		{31C6F503-B763-4640-9D51-1D377A8580EB}.Release|x86.ActiveCfg = Release|Win32
		{31C6F503-B763-4640-9D51-1D377A8580EB}.Release|x86.Build.0 = Release|Win32
	EndGlobalSection
	GlobalSection(SolutionProperties) = preSolution
		HideSolutionNode = FALSE
	EndGlobalSection
	GlobalSection(ExtensibilityGlobals) = postSolution
		SolutionGuid = {794DA4B6-DA46-4547-8542-CC3670E2D638}
	EndGlobalSection
EndGlobal
